
Microsoft Visual Studio Solution File, Format Version 12.00
# Visual Studio Version 17
VisualStudioVersion = 17.14.36518.9 d17.14
MinimumVisualStudioVersion = 10.0.40219.1
Project("{FAE04EC0-301F-11D3-BF4B-00C04F79EFBC}") = "Locadora", "Locadora.csproj", "{607AE8BE-E313-4657-A29D-C37AE8B3C832}"
EndProject
Global
	GlobalSection(SolutionConfigurationPlatforms) = preSolution
		Debug|Any CPU = Debug|Any CPU
		Release|Any CPU = Release|Any CPU
	EndGlobalSection
	GlobalSection(ProjectConfigurationPlatforms) = postSolution
		{607AE8BE-E313-4657-A29D-C37AE8B3C832}.Debug|Any CPU.ActiveCfg = Debug|Any CPU
		{607AE8BE-E313-4657-A29D-C37AE8B3C832}.Debug|Any CPU.Build.0 = Debug|Any CPU
		{607AE8BE-E313-4657-A29D-C37AE8B3C832}.Release|Any CPU.ActiveCfg = Release|Any CPU
		{607AE8BE-E313-4657-A29D-C37AE8B3C832}.Release|Any CPU.Build.0 = Release|Any CPU
	EndGlobalSection
	GlobalSection(SolutionProperties) = preSolution
		HideSolutionNode = FALSE
	EndGlobalSection
	GlobalSection(ExtensibilityGlobals) = postSolution
		SolutionGuid = {8AAFD4EC-414D-4DB5-B64E-5C8B52D123DA}
	EndGlobalSection
EndGlobal
