
Microsoft Visual Studio Solution File, Format Version 12.00
# Visual Studio Version 17
VisualStudioVersion = 17.14.36518.9 d17.14
MinimumVisualStudioVersion = 10.0.40219.1
Project("{FAE04EC0-301F-11D3-BF4B-00C04F79EFBC}") = "Arrays", "Arrays.csproj", "{89A927B1-7929-4D82-907E-EB602A4E8C7A}"
EndProject
Global
	GlobalSection(SolutionConfigurationPlatforms) = preSolution
		Debug|Any CPU = Debug|Any CPU
		Release|Any CPU = Release|Any CPU
	EndGlobalSection
	GlobalSection(ProjectConfigurationPlatforms) = postSolution
		{89A927B1-7929-4D82-907E-EB602A4E8C7A}.Debug|Any CPU.ActiveCfg = Debug|Any CPU
		{89A927B1-7929-4D82-907E-EB602A4E8C7A}.Debug|Any CPU.Build.0 = Debug|Any CPU
		{89A927B1-7929-4D82-907E-EB602A4E8C7A}.Release|Any CPU.ActiveCfg = Release|Any CPU
		{89A927B1-7929-4D82-907E-EB602A4E8C7A}.Release|Any CPU.Build.0 = Release|Any CPU
	EndGlobalSection
	GlobalSection(SolutionProperties) = preSolution
		HideSolutionNode = FALSE
	EndGlobalSection
	GlobalSection(ExtensibilityGlobals) = postSolution
		SolutionGuid = {B52AE763-485A-4585-8200-4F0B1188A1D7}
	EndGlobalSection
EndGlobal
