
Microsoft Visual Studio Solution File, Format Version 12.00
# Visual Studio Version 17
VisualStudioVersion = 17.14.36408.4 d17.14
MinimumVisualStudioVersion = 10.0.40219.1
Project("{FAE04EC0-301F-11D3-BF4B-00C04F79EFBC}") = "Treino", "Treino\Treino.csproj", "{A930BC7B-09FA-411B-BD18-E748E13EF2CE}"
EndProject
Global
	GlobalSection(SolutionConfigurationPlatforms) = preSolution
		Debug|Any CPU = Debug|Any CPU
		Release|Any CPU = Release|Any CPU
	EndGlobalSection
	GlobalSection(ProjectConfigurationPlatforms) = postSolution
		{A930BC7B-09FA-411B-BD18-E748E13EF2CE}.Debug|Any CPU.ActiveCfg = Debug|Any CPU
		{A930BC7B-09FA-411B-BD18-E748E13EF2CE}.Debug|Any CPU.Build.0 = Debug|Any CPU
		{A930BC7B-09FA-411B-BD18-E748E13EF2CE}.Release|Any CPU.ActiveCfg = Release|Any CPU
		{A930BC7B-09FA-411B-BD18-E748E13EF2CE}.Release|Any CPU.Build.0 = Release|Any CPU
	EndGlobalSection
	GlobalSection(SolutionProperties) = preSolution
		HideSolutionNode = FALSE
	EndGlobalSection
	GlobalSection(ExtensibilityGlobals) = postSolution
		SolutionGuid = {ABE69F6D-AE87-478B-BB86-BDB9CAFF65BD}
	EndGlobalSection
EndGlobal
