
Microsoft Visual Studio Solution File, Format Version 12.00
# Visual Studio Version 17
VisualStudioVersion = 17.14.36518.9 d17.14
MinimumVisualStudioVersion = 10.0.40219.1
Project("{FAE04EC0-301F-11D3-BF4B-00C04F79EFBC}") = "Datas", "Datas.csproj", "{D994638E-7301-40C2-9359-F6F3214A36E1}"
EndProject
Global
	GlobalSection(SolutionConfigurationPlatforms) = preSolution
		Debug|Any CPU = Debug|Any CPU
		Release|Any CPU = Release|Any CPU
	EndGlobalSection
	GlobalSection(ProjectConfigurationPlatforms) = postSolution
		{D994638E-7301-40C2-9359-F6F3214A36E1}.Debug|Any CPU.ActiveCfg = Debug|Any CPU
		{D994638E-7301-40C2-9359-F6F3214A36E1}.Debug|Any CPU.Build.0 = Debug|Any CPU
		{D994638E-7301-40C2-9359-F6F3214A36E1}.Release|Any CPU.ActiveCfg = Release|Any CPU
		{D994638E-7301-40C2-9359-F6F3214A36E1}.Release|Any CPU.Build.0 = Release|Any CPU
	EndGlobalSection
	GlobalSection(SolutionProperties) = preSolution
		HideSolutionNode = FALSE
	EndGlobalSection
	GlobalSection(ExtensibilityGlobals) = postSolution
		SolutionGuid = {8453F96B-CC6A-459D-BCF6-EBA27E9FEBF2}
	EndGlobalSection
EndGlobal
