
Microsoft Visual Studio Solution File, Format Version 12.00
# Visual Studio Version 17
VisualStudioVersion = 17.14.36408.4 d17.14
MinimumVisualStudioVersion = 10.0.40219.1
Project("{FAE04EC0-301F-11D3-BF4B-00C04F79EFBC}") = "Datas", "Datas\Datas.csproj", "{BF53A4A5-68F9-49F4-83B2-6D00C53D2C6F}"
EndProject
Global
	GlobalSection(SolutionConfigurationPlatforms) = preSolution
		Debug|Any CPU = Debug|Any CPU
		Release|Any CPU = Release|Any CPU
	EndGlobalSection
	GlobalSection(ProjectConfigurationPlatforms) = postSolution
		{BF53A4A5-68F9-49F4-83B2-6D00C53D2C6F}.Debug|Any CPU.ActiveCfg = Debug|Any CPU
		{BF53A4A5-68F9-49F4-83B2-6D00C53D2C6F}.Debug|Any CPU.Build.0 = Debug|Any CPU
		{BF53A4A5-68F9-49F4-83B2-6D00C53D2C6F}.Release|Any CPU.ActiveCfg = Release|Any CPU
		{BF53A4A5-68F9-49F4-83B2-6D00C53D2C6F}.Release|Any CPU.Build.0 = Release|Any CPU
	EndGlobalSection
	GlobalSection(SolutionProperties) = preSolution
		HideSolutionNode = FALSE
	EndGlobalSection
	GlobalSection(ExtensibilityGlobals) = postSolution
		SolutionGuid = {8F56C70A-93E3-4E8F-B480-56720B965BA9}
	EndGlobalSection
EndGlobal
